{
  "name": "thtt",
  "lockfileVersion": 2,
  "requires": true,
  "packages": {
    "": {
      "dependencies": {
        "retypeapp-linux-x64": "^4.1.0"
      }
    },
    "node_modules/retypeapp-linux-x64": {
      "version": "4.1.0",
      "resolved": "https://registry.npmjs.org/retypeapp-linux-x64/-/retypeapp-linux-x64-4.1.0.tgz",
      "integrity": "sha512-mNWJx1xqnbUT+UO4RoScepoIzLAKkM3Gu/SIH/KW8ghacnLm8Vobn8gCZyW3fYuY7uXMWDySu1/YAWicu7h1HQ==",
      "bin": {
        "retype": "retype.js"
      }
    }
  },
  "dependencies": {
    "retypeapp-linux-x64": {
      "version": "4.1.0",
      "resolved": "https://registry.npmjs.org/retypeapp-linux-x64/-/retypeapp-linux-x64-4.1.0.tgz",
      "integrity": "sha512-mNWJx1xqnbUT+UO4RoScepoIzLAKkM3Gu/SIH/KW8ghacnLm8Vobn8gCZyW3fYuY7uXMWDySu1/YAWicu7h1HQ=="
    }
  }
}
