{
  "name": "thtt",
  "lockfileVersion": 2,
  "requires": true,
  "packages": {
    "": {
      "dependencies": {
        "retypeapp-linux-x64": "^4.5.2"
      }
    },
    "node_modules/retypeapp-linux-x64": {
      "version": "4.5.2",
      "resolved": "https://registry.npmjs.org/retypeapp-linux-x64/-/retypeapp-linux-x64-4.5.2.tgz",
      "integrity": "sha512-NbyYp5RIZhC/Qb6WlQRHPZf3dF8kBDcDPPuVkF53P0AS/dURGca8SiXJ/voGWG526+SgW7fCIavN7R/twDdoXg==",
      "cpu": [
        "x64"
      ],
      "os": [
        "linux"
      ],
      "bin": {
        "retype": "retype.js"
      }
    }
  },
  "dependencies": {
    "retypeapp-linux-x64": {
      "version": "4.5.2",
      "resolved": "https://registry.npmjs.org/retypeapp-linux-x64/-/retypeapp-linux-x64-4.5.2.tgz",
      "integrity": "sha512-NbyYp5RIZhC/Qb6WlQRHPZf3dF8kBDcDPPuVkF53P0AS/dURGca8SiXJ/voGWG526+SgW7fCIavN7R/twDdoXg=="
    }
  }
}
