{
  "name": "thtt",
  "lockfileVersion": 2,
  "requires": true,
  "packages": {
    "": {
      "dependencies": {
        "retypeapp-linux-x64": "^3.3.0"
      }
    },
    "node_modules/retypeapp-linux-x64": {
      "version": "3.3.0",
      "resolved": "https://registry.npmjs.org/retypeapp-linux-x64/-/retypeapp-linux-x64-3.3.0.tgz",
      "integrity": "sha512-4jFBDIFUYv/xUJtNiAuf2jt8agpL7JFszgJfpRxa7HKhilAyeCEGLototw8bI/J71oPEtdlSntMQYR4HfPFDPw==",
      "bin": {
        "retype": "retype.js"
      }
    }
  },
  "dependencies": {
    "retypeapp-linux-x64": {
      "version": "3.3.0",
      "resolved": "https://registry.npmjs.org/retypeapp-linux-x64/-/retypeapp-linux-x64-3.3.0.tgz",
      "integrity": "sha512-4jFBDIFUYv/xUJtNiAuf2jt8agpL7JFszgJfpRxa7HKhilAyeCEGLototw8bI/J71oPEtdlSntMQYR4HfPFDPw=="
    }
  }
}
